
Microsoft Visual Studio Solution File, Format Version 12.00
# Visual Studio Version 16
VisualStudioVersion = 16.0.31005.135
MinimumVisualStudioVersion = 10.0.40219.1
Project("{9A19103F-16F7-4668-BE54-9A1E7A4F7556}") = "BikeStore", "BikeStore\BikeStore.csproj", "{A6FB7695-729D-40D6-8526-96D991663D6E}"
EndProject
Project("{9A19103F-16F7-4668-BE54-9A1E7A4F7556}") = "Core", "Base\Core.csproj", "{CAAB3221-3F58-42C3-8953-12C0ABB718DA}"
EndProject
Project("{9A19103F-16F7-4668-BE54-9A1E7A4F7556}") = "DLL", "DLL\DLL.csproj", "{73188336-EF78-4AFF-BAA5-9B4B325883A7}"
EndProject
Project("{9A19103F-16F7-4668-BE54-9A1E7A4F7556}") = "BLL", "BLL\BLL.csproj", "{E81A3E2E-AEC7-496A-A485-C9811E1ED071}"
EndProject
Project("{9A19103F-16F7-4668-BE54-9A1E7A4F7556}") = "UI", "GUI\UI.csproj", "{936DD2F6-2423-460A-8D37-2E08DDD83169}"
EndProject
Global
	GlobalSection(SolutionConfigurationPlatforms) = preSolution
		Debug|Any CPU = Debug|Any CPU
		Release|Any CPU = Release|Any CPU
	EndGlobalSection
	GlobalSection(ProjectConfigurationPlatforms) = postSolution
		{A6FB7695-729D-40D6-8526-96D991663D6E}.Debug|Any CPU.ActiveCfg = Debug|Any CPU
		{A6FB7695-729D-40D6-8526-96D991663D6E}.Debug|Any CPU.Build.0 = Debug|Any CPU
		{A6FB7695-729D-40D6-8526-96D991663D6E}.Release|Any CPU.ActiveCfg = Release|Any CPU
		{A6FB7695-729D-40D6-8526-96D991663D6E}.Release|Any CPU.Build.0 = Release|Any CPU
		{CAAB3221-3F58-42C3-8953-12C0ABB718DA}.Debug|Any CPU.ActiveCfg = Debug|Any CPU
		{CAAB3221-3F58-42C3-8953-12C0ABB718DA}.Debug|Any CPU.Build.0 = Debug|Any CPU
		{CAAB3221-3F58-42C3-8953-12C0ABB718DA}.Release|Any CPU.ActiveCfg = Release|Any CPU
		{CAAB3221-3F58-42C3-8953-12C0ABB718DA}.Release|Any CPU.Build.0 = Release|Any CPU
		{73188336-EF78-4AFF-BAA5-9B4B325883A7}.Debug|Any CPU.ActiveCfg = Debug|Any CPU
		{73188336-EF78-4AFF-BAA5-9B4B325883A7}.Debug|Any CPU.Build.0 = Debug|Any CPU
		{73188336-EF78-4AFF-BAA5-9B4B325883A7}.Release|Any CPU.ActiveCfg = Release|Any CPU
		{73188336-EF78-4AFF-BAA5-9B4B325883A7}.Release|Any CPU.Build.0 = Release|Any CPU
		{E81A3E2E-AEC7-496A-A485-C9811E1ED071}.Debug|Any CPU.ActiveCfg = Debug|Any CPU
		{E81A3E2E-AEC7-496A-A485-C9811E1ED071}.Debug|Any CPU.Build.0 = Debug|Any CPU
		{E81A3E2E-AEC7-496A-A485-C9811E1ED071}.Release|Any CPU.ActiveCfg = Release|Any CPU
		{E81A3E2E-AEC7-496A-A485-C9811E1ED071}.Release|Any CPU.Build.0 = Release|Any CPU
		{936DD2F6-2423-460A-8D37-2E08DDD83169}.Debug|Any CPU.ActiveCfg = Debug|Any CPU
		{936DD2F6-2423-460A-8D37-2E08DDD83169}.Debug|Any CPU.Build.0 = Debug|Any CPU
		{936DD2F6-2423-460A-8D37-2E08DDD83169}.Release|Any CPU.ActiveCfg = Release|Any CPU
		{936DD2F6-2423-460A-8D37-2E08DDD83169}.Release|Any CPU.Build.0 = Release|Any CPU
	EndGlobalSection
	GlobalSection(SolutionProperties) = preSolution
		HideSolutionNode = FALSE
	EndGlobalSection
	GlobalSection(ExtensibilityGlobals) = postSolution
		SolutionGuid = {970C8E08-DBCC-46C5-9275-8BF459B741E5}
	EndGlobalSection
EndGlobal
